
Microsoft Visual Studio Solution File, Format Version 12.00
# Visual Studio Version 16
VisualStudioVersion = 16.0.31129.286
MinimumVisualStudioVersion = 10.0.40219.1
Project("{FAE04EC0-301F-11D3-BF4B-00C04F79EFBC}") = "Intro001", "Intro001\Intro001.csproj", "{71AA1210-6311-40F5-89C1-7B92A3AEED49}"
EndProject
Project("{FAE04EC0-301F-11D3-BF4B-00C04F79EFBC}") = "Methods002", "Methods002\Methods002.csproj", "{349E8BA0-B698-4C57-9428-020B2FE4F12D}"
EndProject
Project("{FAE04EC0-301F-11D3-BF4B-00C04F79EFBC}") = "Methods003", "Methods003\Methods003.csproj", "{B17673EC-A538-4746-A957-8759A3BF3591}"
EndProject
Project("{FAE04EC0-301F-11D3-BF4B-00C04F79EFBC}") = "Drawing004", "Drawing004\Drawing004.csproj", "{CA313726-C460-4289-8B84-A760E6D00C69}"
EndProject
Project("{FAE04EC0-301F-11D3-BF4B-00C04F79EFBC}") = "Interface005", "Interface005\Interface005.csproj", "{2D8DA638-A45E-47AD-8B80-8A239B3EBD20}"
EndProject
Project("{FAE04EC0-301F-11D3-BF4B-00C04F79EFBC}") = "Constructors006", "Constructors006\Constructors006.csproj", "{38DCB864-7278-4408-B9D7-98960B93DA8E}"
EndProject
Project("{FAE04EC0-301F-11D3-BF4B-00C04F79EFBC}") = "Boxing007", "Boxing007\Boxing007.csproj", "{17616771-96EA-4E69-AB4B-F5422F750A06}"
EndProject
Project("{FAE04EC0-301F-11D3-BF4B-00C04F79EFBC}") = "Collections008", "Collections008\Collections008.csproj", "{8CD08551-7815-4278-95DB-69D1500E2F35}"
EndProject
Project("{FAE04EC0-301F-11D3-BF4B-00C04F79EFBC}") = "Generics009", "Generics009\Generics009.csproj", "{1C6A9AF8-9F8C-4569-9632-CB60DF620896}"
EndProject
Project("{FAE04EC0-301F-11D3-BF4B-00C04F79EFBC}") = "MathsLibrary010", "MathsLibrary010\MathsLibrary010.csproj", "{A74289AE-ADEF-4D07-B6A9-76A035B70F4B}"
EndProject
Project("{FAE04EC0-301F-11D3-BF4B-00C04F79EFBC}") = "Calculator011", "Calculator011\Calculator011.csproj", "{DA1A3109-933D-4749-918B-AEFD819C51B8}"
EndProject
Project("{FAE04EC0-301F-11D3-BF4B-00C04F79EFBC}") = "Exception012", "Exception012\Exception012.csproj", "{E44AA7A3-F9C4-40EB-98EC-B52A9AF0C0E8}"
EndProject
Project("{FAE04EC0-301F-11D3-BF4B-00C04F79EFBC}") = "Delegate013", "Delegate013\Delegate013.csproj", "{9096104F-3031-4488-AA07-82059DE235CD}"
EndProject
Project("{FAE04EC0-301F-11D3-BF4B-00C04F79EFBC}") = "Lambda014", "Lambda014\Lambda014.csproj", "{E1609F11-7840-4AB6-A83A-847C367648D0}"
EndProject
Project("{FAE04EC0-301F-11D3-BF4B-00C04F79EFBC}") = "Events014", "Events014\Events014.csproj", "{2BA570E6-4C82-4C26-A5FE-A58BE9AED084}"
EndProject
Project("{FAE04EC0-301F-11D3-BF4B-00C04F79EFBC}") = "FormsEvent016", "FormsEvent016\FormsEvent016.csproj", "{DAB93A7C-13FC-4C47-A47D-4410F23BC7F3}"
EndProject
Project("{FAE04EC0-301F-11D3-BF4B-00C04F79EFBC}") = "FormsEvents017", "FormsEvents017\FormsEvents017.csproj", "{9D68775F-FC57-40F8-BB2C-71B8631AC442}"
EndProject
Project("{FAE04EC0-301F-11D3-BF4B-00C04F79EFBC}") = "Interface018", "Interface018\Interface018.csproj", "{BA45A654-C44C-477E-836D-1F7B222EB401}"
EndProject
Project("{FAE04EC0-301F-11D3-BF4B-00C04F79EFBC}") = "String019", "String019\String019.csproj", "{4C5CA886-6F10-49A2-91F8-AEAF25EEE7B6}"
EndProject
Project("{FAE04EC0-301F-11D3-BF4B-00C04F79EFBC}") = "GarbageCollection020", "GarbageCollection020\GarbageCollection020.csproj", "{335A1568-60A9-4046-87F7-D482B006B420}"
EndProject
Project("{FAE04EC0-301F-11D3-BF4B-00C04F79EFBC}") = "Arrays021", "Arrays021\Arrays021.csproj", "{1562384D-9B76-4E16-9BFE-EA5721D229AF}"
EndProject
Project("{FAE04EC0-301F-11D3-BF4B-00C04F79EFBC}") = "EntityFramework021", "EntityFramework021\EntityFramework021.csproj", "{3DDEA63E-18B7-4FB4-9546-FCE5B897CF13}"
EndProject
Project("{FAE04EC0-301F-11D3-BF4B-00C04F79EFBC}") = "WpfApp023", "WpfApp023\WpfApp023.csproj", "{3F507CB2-DE1B-432B-89D2-367F37555047}"
EndProject
Global
	GlobalSection(SolutionConfigurationPlatforms) = preSolution
		Debug|Any CPU = Debug|Any CPU
		Release|Any CPU = Release|Any CPU
	EndGlobalSection
	GlobalSection(ProjectConfigurationPlatforms) = postSolution
		{71AA1210-6311-40F5-89C1-7B92A3AEED49}.Debug|Any CPU.ActiveCfg = Debug|Any CPU
		{71AA1210-6311-40F5-89C1-7B92A3AEED49}.Debug|Any CPU.Build.0 = Debug|Any CPU
		{71AA1210-6311-40F5-89C1-7B92A3AEED49}.Release|Any CPU.ActiveCfg = Release|Any CPU
		{71AA1210-6311-40F5-89C1-7B92A3AEED49}.Release|Any CPU.Build.0 = Release|Any CPU
		{349E8BA0-B698-4C57-9428-020B2FE4F12D}.Debug|Any CPU.ActiveCfg = Debug|Any CPU
		{349E8BA0-B698-4C57-9428-020B2FE4F12D}.Debug|Any CPU.Build.0 = Debug|Any CPU
		{349E8BA0-B698-4C57-9428-020B2FE4F12D}.Release|Any CPU.ActiveCfg = Release|Any CPU
		{349E8BA0-B698-4C57-9428-020B2FE4F12D}.Release|Any CPU.Build.0 = Release|Any CPU
		{B17673EC-A538-4746-A957-8759A3BF3591}.Debug|Any CPU.ActiveCfg = Debug|Any CPU
		{B17673EC-A538-4746-A957-8759A3BF3591}.Debug|Any CPU.Build.0 = Debug|Any CPU
		{B17673EC-A538-4746-A957-8759A3BF3591}.Release|Any CPU.ActiveCfg = Release|Any CPU
		{B17673EC-A538-4746-A957-8759A3BF3591}.Release|Any CPU.Build.0 = Release|Any CPU
		{CA313726-C460-4289-8B84-A760E6D00C69}.Debug|Any CPU.ActiveCfg = Debug|Any CPU
		{CA313726-C460-4289-8B84-A760E6D00C69}.Debug|Any CPU.Build.0 = Debug|Any CPU
		{CA313726-C460-4289-8B84-A760E6D00C69}.Release|Any CPU.ActiveCfg = Release|Any CPU
		{CA313726-C460-4289-8B84-A760E6D00C69}.Release|Any CPU.Build.0 = Release|Any CPU
		{2D8DA638-A45E-47AD-8B80-8A239B3EBD20}.Debug|Any CPU.ActiveCfg = Debug|Any CPU
		{2D8DA638-A45E-47AD-8B80-8A239B3EBD20}.Debug|Any CPU.Build.0 = Debug|Any CPU
		{2D8DA638-A45E-47AD-8B80-8A239B3EBD20}.Release|Any CPU.ActiveCfg = Release|Any CPU
		{2D8DA638-A45E-47AD-8B80-8A239B3EBD20}.Release|Any CPU.Build.0 = Release|Any CPU
		{38DCB864-7278-4408-B9D7-98960B93DA8E}.Debug|Any CPU.ActiveCfg = Debug|Any CPU
		{38DCB864-7278-4408-B9D7-98960B93DA8E}.Debug|Any CPU.Build.0 = Debug|Any CPU
		{38DCB864-7278-4408-B9D7-98960B93DA8E}.Release|Any CPU.ActiveCfg = Release|Any CPU
		{38DCB864-7278-4408-B9D7-98960B93DA8E}.Release|Any CPU.Build.0 = Release|Any CPU
		{17616771-96EA-4E69-AB4B-F5422F750A06}.Debug|Any CPU.ActiveCfg = Debug|Any CPU
		{17616771-96EA-4E69-AB4B-F5422F750A06}.Debug|Any CPU.Build.0 = Debug|Any CPU
		{17616771-96EA-4E69-AB4B-F5422F750A06}.Release|Any CPU.ActiveCfg = Release|Any CPU
		{17616771-96EA-4E69-AB4B-F5422F750A06}.Release|Any CPU.Build.0 = Release|Any CPU
		{8CD08551-7815-4278-95DB-69D1500E2F35}.Debug|Any CPU.ActiveCfg = Debug|Any CPU
		{8CD08551-7815-4278-95DB-69D1500E2F35}.Debug|Any CPU.Build.0 = Debug|Any CPU
		{8CD08551-7815-4278-95DB-69D1500E2F35}.Release|Any CPU.ActiveCfg = Release|Any CPU
		{8CD08551-7815-4278-95DB-69D1500E2F35}.Release|Any CPU.Build.0 = Release|Any CPU
		{1C6A9AF8-9F8C-4569-9632-CB60DF620896}.Debug|Any CPU.ActiveCfg = Debug|Any CPU
		{1C6A9AF8-9F8C-4569-9632-CB60DF620896}.Debug|Any CPU.Build.0 = Debug|Any CPU
		{1C6A9AF8-9F8C-4569-9632-CB60DF620896}.Release|Any CPU.ActiveCfg = Release|Any CPU
		{1C6A9AF8-9F8C-4569-9632-CB60DF620896}.Release|Any CPU.Build.0 = Release|Any CPU
		{A74289AE-ADEF-4D07-B6A9-76A035B70F4B}.Debug|Any CPU.ActiveCfg = Debug|Any CPU
		{A74289AE-ADEF-4D07-B6A9-76A035B70F4B}.Debug|Any CPU.Build.0 = Debug|Any CPU
		{A74289AE-ADEF-4D07-B6A9-76A035B70F4B}.Release|Any CPU.ActiveCfg = Release|Any CPU
		{A74289AE-ADEF-4D07-B6A9-76A035B70F4B}.Release|Any CPU.Build.0 = Release|Any CPU
		{DA1A3109-933D-4749-918B-AEFD819C51B8}.Debug|Any CPU.ActiveCfg = Debug|Any CPU
		{DA1A3109-933D-4749-918B-AEFD819C51B8}.Debug|Any CPU.Build.0 = Debug|Any CPU
		{DA1A3109-933D-4749-918B-AEFD819C51B8}.Release|Any CPU.ActiveCfg = Release|Any CPU
		{DA1A3109-933D-4749-918B-AEFD819C51B8}.Release|Any CPU.Build.0 = Release|Any CPU
		{E44AA7A3-F9C4-40EB-98EC-B52A9AF0C0E8}.Debug|Any CPU.ActiveCfg = Debug|Any CPU
		{E44AA7A3-F9C4-40EB-98EC-B52A9AF0C0E8}.Debug|Any CPU.Build.0 = Debug|Any CPU
		{E44AA7A3-F9C4-40EB-98EC-B52A9AF0C0E8}.Release|Any CPU.ActiveCfg = Release|Any CPU
		{E44AA7A3-F9C4-40EB-98EC-B52A9AF0C0E8}.Release|Any CPU.Build.0 = Release|Any CPU
		{9096104F-3031-4488-AA07-82059DE235CD}.Debug|Any CPU.ActiveCfg = Debug|Any CPU
		{9096104F-3031-4488-AA07-82059DE235CD}.Debug|Any CPU.Build.0 = Debug|Any CPU
		{9096104F-3031-4488-AA07-82059DE235CD}.Release|Any CPU.ActiveCfg = Release|Any CPU
		{9096104F-3031-4488-AA07-82059DE235CD}.Release|Any CPU.Build.0 = Release|Any CPU
		{E1609F11-7840-4AB6-A83A-847C367648D0}.Debug|Any CPU.ActiveCfg = Debug|Any CPU
		{E1609F11-7840-4AB6-A83A-847C367648D0}.Debug|Any CPU.Build.0 = Debug|Any CPU
		{E1609F11-7840-4AB6-A83A-847C367648D0}.Release|Any CPU.ActiveCfg = Release|Any CPU
		{E1609F11-7840-4AB6-A83A-847C367648D0}.Release|Any CPU.Build.0 = Release|Any CPU
		{2BA570E6-4C82-4C26-A5FE-A58BE9AED084}.Debug|Any CPU.ActiveCfg = Debug|Any CPU
		{2BA570E6-4C82-4C26-A5FE-A58BE9AED084}.Debug|Any CPU.Build.0 = Debug|Any CPU
		{2BA570E6-4C82-4C26-A5FE-A58BE9AED084}.Release|Any CPU.ActiveCfg = Release|Any CPU
		{2BA570E6-4C82-4C26-A5FE-A58BE9AED084}.Release|Any CPU.Build.0 = Release|Any CPU
		{DAB93A7C-13FC-4C47-A47D-4410F23BC7F3}.Debug|Any CPU.ActiveCfg = Debug|Any CPU
		{DAB93A7C-13FC-4C47-A47D-4410F23BC7F3}.Debug|Any CPU.Build.0 = Debug|Any CPU
		{DAB93A7C-13FC-4C47-A47D-4410F23BC7F3}.Release|Any CPU.ActiveCfg = Release|Any CPU
		{DAB93A7C-13FC-4C47-A47D-4410F23BC7F3}.Release|Any CPU.Build.0 = Release|Any CPU
		{9D68775F-FC57-40F8-BB2C-71B8631AC442}.Debug|Any CPU.ActiveCfg = Debug|Any CPU
		{9D68775F-FC57-40F8-BB2C-71B8631AC442}.Debug|Any CPU.Build.0 = Debug|Any CPU
		{9D68775F-FC57-40F8-BB2C-71B8631AC442}.Release|Any CPU.ActiveCfg = Release|Any CPU
		{9D68775F-FC57-40F8-BB2C-71B8631AC442}.Release|Any CPU.Build.0 = Release|Any CPU
		{BA45A654-C44C-477E-836D-1F7B222EB401}.Debug|Any CPU.ActiveCfg = Debug|Any CPU
		{BA45A654-C44C-477E-836D-1F7B222EB401}.Debug|Any CPU.Build.0 = Debug|Any CPU
		{BA45A654-C44C-477E-836D-1F7B222EB401}.Release|Any CPU.ActiveCfg = Release|Any CPU
		{BA45A654-C44C-477E-836D-1F7B222EB401}.Release|Any CPU.Build.0 = Release|Any CPU
		{4C5CA886-6F10-49A2-91F8-AEAF25EEE7B6}.Debug|Any CPU.ActiveCfg = Debug|Any CPU
		{4C5CA886-6F10-49A2-91F8-AEAF25EEE7B6}.Debug|Any CPU.Build.0 = Debug|Any CPU
		{4C5CA886-6F10-49A2-91F8-AEAF25EEE7B6}.Release|Any CPU.ActiveCfg = Release|Any CPU
		{4C5CA886-6F10-49A2-91F8-AEAF25EEE7B6}.Release|Any CPU.Build.0 = Release|Any CPU
		{335A1568-60A9-4046-87F7-D482B006B420}.Debug|Any CPU.ActiveCfg = Debug|Any CPU
		{335A1568-60A9-4046-87F7-D482B006B420}.Debug|Any CPU.Build.0 = Debug|Any CPU
		{335A1568-60A9-4046-87F7-D482B006B420}.Release|Any CPU.ActiveCfg = Release|Any CPU
		{335A1568-60A9-4046-87F7-D482B006B420}.Release|Any CPU.Build.0 = Release|Any CPU
		{1562384D-9B76-4E16-9BFE-EA5721D229AF}.Debug|Any CPU.ActiveCfg = Debug|Any CPU
		{1562384D-9B76-4E16-9BFE-EA5721D229AF}.Debug|Any CPU.Build.0 = Debug|Any CPU
		{1562384D-9B76-4E16-9BFE-EA5721D229AF}.Release|Any CPU.ActiveCfg = Release|Any CPU
		{1562384D-9B76-4E16-9BFE-EA5721D229AF}.Release|Any CPU.Build.0 = Release|Any CPU
		{3DDEA63E-18B7-4FB4-9546-FCE5B897CF13}.Debug|Any CPU.ActiveCfg = Debug|Any CPU
		{3DDEA63E-18B7-4FB4-9546-FCE5B897CF13}.Debug|Any CPU.Build.0 = Debug|Any CPU
		{3DDEA63E-18B7-4FB4-9546-FCE5B897CF13}.Release|Any CPU.ActiveCfg = Release|Any CPU
		{3DDEA63E-18B7-4FB4-9546-FCE5B897CF13}.Release|Any CPU.Build.0 = Release|Any CPU
		{3F507CB2-DE1B-432B-89D2-367F37555047}.Debug|Any CPU.ActiveCfg = Debug|Any CPU
		{3F507CB2-DE1B-432B-89D2-367F37555047}.Debug|Any CPU.Build.0 = Debug|Any CPU
		{3F507CB2-DE1B-432B-89D2-367F37555047}.Release|Any CPU.ActiveCfg = Release|Any CPU
		{3F507CB2-DE1B-432B-89D2-367F37555047}.Release|Any CPU.Build.0 = Release|Any CPU
	EndGlobalSection
	GlobalSection(SolutionProperties) = preSolution
		HideSolutionNode = FALSE
	EndGlobalSection
	GlobalSection(ExtensibilityGlobals) = postSolution
		SolutionGuid = {9FEFEED6-CBF1-4F99-BD0E-FBE8C0D7C0B2}
	EndGlobalSection
EndGlobal
